
Microsoft Visual Studio Solution File, Format Version 12.00
# Visual Studio Version 16
VisualStudioVersion = 16.0.30204.135
MinimumVisualStudioVersion = 10.0.40219.1
Project("{FAE04EC0-301F-11D3-BF4B-00C04F79EFBC}") = "DesafioGera", "DesafioGera\DesafioGera.csproj", "{E07FF5EA-941E-47E5-A6B0-ECEC25B5CFEC}"
EndProject
Global
	GlobalSection(SolutionConfigurationPlatforms) = preSolution
		Debug|Any CPU = Debug|Any CPU
		Release|Any CPU = Release|Any CPU
	EndGlobalSection
	GlobalSection(ProjectConfigurationPlatforms) = postSolution
		{E07FF5EA-941E-47E5-A6B0-ECEC25B5CFEC}.Debug|Any CPU.ActiveCfg = Debug|Any CPU
		{E07FF5EA-941E-47E5-A6B0-ECEC25B5CFEC}.Debug|Any CPU.Build.0 = Debug|Any CPU
		{E07FF5EA-941E-47E5-A6B0-ECEC25B5CFEC}.Release|Any CPU.ActiveCfg = Release|Any CPU
		{E07FF5EA-941E-47E5-A6B0-ECEC25B5CFEC}.Release|Any CPU.Build.0 = Release|Any CPU
	EndGlobalSection
	GlobalSection(SolutionProperties) = preSolution
		HideSolutionNode = FALSE
	EndGlobalSection
	GlobalSection(ExtensibilityGlobals) = postSolution
		SolutionGuid = {F85D5CDE-56A0-4762-B8F8-5DA54205B7D9}
	EndGlobalSection
EndGlobal
